
Microsoft Visual Studio Solution File, Format Version 12.00
# Visual Studio Version 17
VisualStudioVersion = 17.10.35027.167
MinimumVisualStudioVersion = 10.0.40219.1
Project("{FAE04EC0-301F-11D3-BF4B-00C04F79EFBC}") = "Gestao Escolar", "Gestao Escolar\Gestao Escolar.csproj", "{E183CC5C-A3AD-4E25-80A9-2147A8BEE538}"
EndProject
Global
	GlobalSection(SolutionConfigurationPlatforms) = preSolution
		Debug|Any CPU = Debug|Any CPU
		Release|Any CPU = Release|Any CPU
	EndGlobalSection
	GlobalSection(ProjectConfigurationPlatforms) = postSolution
		{E183CC5C-A3AD-4E25-80A9-2147A8BEE538}.Debug|Any CPU.ActiveCfg = Debug|Any CPU
		{E183CC5C-A3AD-4E25-80A9-2147A8BEE538}.Debug|Any CPU.Build.0 = Debug|Any CPU
		{E183CC5C-A3AD-4E25-80A9-2147A8BEE538}.Release|Any CPU.ActiveCfg = Release|Any CPU
		{E183CC5C-A3AD-4E25-80A9-2147A8BEE538}.Release|Any CPU.Build.0 = Release|Any CPU
	EndGlobalSection
	GlobalSection(SolutionProperties) = preSolution
		HideSolutionNode = FALSE
	EndGlobalSection
	GlobalSection(ExtensibilityGlobals) = postSolution
		SolutionGuid = {85169FD0-05B8-4920-B319-FA8987BE66FF}
	EndGlobalSection
EndGlobal
